
Microsoft Visual Studio Solution File, Format Version 12.00
# Visual Studio 15
Project("{FAE04EC0-301F-11D3-BF4B-00C04F79EFBC}") = "TestHidden", "TestHidden\TestHidden.csproj", "{73AD4679-F929-481C-853C-71D883F81D27}"
EndProject
Global
	GlobalSection(SolutionConfigurationPlatforms) = preSolution
		Debug|Any CPU = Debug|Any CPU
		Release|Any CPU = Release|Any CPU
	EndGlobalSection
	GlobalSection(ProjectConfigurationPlatforms) = postSolution
		{73AD4679-F929-481C-853C-71D883F81D27}.Debug|Any CPU.ActiveCfg = Debug|Any CPU
		{73AD4679-F929-481C-853C-71D883F81D27}.Debug|Any CPU.Build.0 = Debug|Any CPU
		{73AD4679-F929-481C-853C-71D883F81D27}.Release|Any CPU.ActiveCfg = Release|Any CPU
		{73AD4679-F929-481C-853C-71D883F81D27}.Release|Any CPU.Build.0 = Release|Any CPU
	EndGlobalSection
EndGlobal
